
Microsoft Visual Studio Solution File, Format Version 12.00
Project("{FAE04EC0-301F-11D3-BF4B-00C04F79EFBC}") = "PIZZAORDERING", "PIZZAORDERING\PIZZAORDERING.csproj", "{286BA9F0-B004-4778-B814-F56C2D55888A}"
EndProject
Global
	GlobalSection(SolutionConfigurationPlatforms) = preSolution
		Debug|Any CPU = Debug|Any CPU
		Release|Any CPU = Release|Any CPU
	EndGlobalSection
	GlobalSection(ProjectConfigurationPlatforms) = postSolution
		{286BA9F0-B004-4778-B814-F56C2D55888A}.Debug|Any CPU.ActiveCfg = Debug|Any CPU
		{286BA9F0-B004-4778-B814-F56C2D55888A}.Debug|Any CPU.Build.0 = Debug|Any CPU
		{286BA9F0-B004-4778-B814-F56C2D55888A}.Release|Any CPU.ActiveCfg = Release|Any CPU
		{286BA9F0-B004-4778-B814-F56C2D55888A}.Release|Any CPU.Build.0 = Release|Any CPU
	EndGlobalSection
EndGlobal
